
Microsoft Visual Studio Solution File, Format Version 12.00
# Visual Studio 14
VisualStudioVersion = 14.0.24720.0
MinimumVisualStudioVersion = 10.0.40219.1
Project("{FAE04EC0-301F-11D3-BF4B-00C04F79EFBC}") = "01.DecimalToBinary", "01.DecimalToBinary\01.DecimalToBinary.csproj", "{D57FAE73-9546-4682-AB2A-030D757FBD2B}"
EndProject
Project("{FAE04EC0-301F-11D3-BF4B-00C04F79EFBC}") = "02.BinaryToDecimal", "02.BinaryToDecimal\02.BinaryToDecimal.csproj", "{4F898EB6-2E0F-4445-A280-619C6C92BFB1}"
EndProject
Project("{FAE04EC0-301F-11D3-BF4B-00C04F79EFBC}") = "03.DecimalToHexadecimal", "03.DecimalToHexadecimal\03.DecimalToHexadecimal.csproj", "{241D0FC2-543B-47C0-BC33-0D7AD1B0B7C0}"
EndProject
Project("{FAE04EC0-301F-11D3-BF4B-00C04F79EFBC}") = "04.HexadecimalToDecimal", "04.HexadecimalToDecimal\04.HexadecimalToDecimal.csproj", "{86337006-DA0D-479D-9281-174489BC53D7}"
EndProject
Project("{FAE04EC0-301F-11D3-BF4B-00C04F79EFBC}") = "05.HexadecimalToBinary", "05.HexadecimalToBinary\05.HexadecimalToBinary.csproj", "{D443B999-95FA-4946-8EAF-977597076EAD}"
EndProject
Project("{FAE04EC0-301F-11D3-BF4B-00C04F79EFBC}") = "06.BinaryToHexadecimal", "06.BinaryToHexadecimal\06.BinaryToHexadecimal.csproj", "{81FDE6D7-BA2D-4FD0-9E99-B096DB506B75}"
EndProject
Project("{FAE04EC0-301F-11D3-BF4B-00C04F79EFBC}") = "07.OneSystemToAnyOther", "07.OneSystemToAnyOther\07.OneSystemToAnyOther.csproj", "{C8B3ECD6-DCD8-425F-8536-1D93D5E543C8}"
EndProject
Project("{FAE04EC0-301F-11D3-BF4B-00C04F79EFBC}") = "08.BinaryShort", "08.BinaryShort\08.BinaryShort.csproj", "{3C9ED7F8-8896-4D08-A3DA-0588B18893DD}"
EndProject
Global
	GlobalSection(SolutionConfigurationPlatforms) = preSolution
		Debug|Any CPU = Debug|Any CPU
		Release|Any CPU = Release|Any CPU
	EndGlobalSection
	GlobalSection(ProjectConfigurationPlatforms) = postSolution
		{D57FAE73-9546-4682-AB2A-030D757FBD2B}.Debug|Any CPU.ActiveCfg = Debug|Any CPU
		{D57FAE73-9546-4682-AB2A-030D757FBD2B}.Debug|Any CPU.Build.0 = Debug|Any CPU
		{D57FAE73-9546-4682-AB2A-030D757FBD2B}.Release|Any CPU.ActiveCfg = Release|Any CPU
		{D57FAE73-9546-4682-AB2A-030D757FBD2B}.Release|Any CPU.Build.0 = Release|Any CPU
		{4F898EB6-2E0F-4445-A280-619C6C92BFB1}.Debug|Any CPU.ActiveCfg = Debug|Any CPU
		{4F898EB6-2E0F-4445-A280-619C6C92BFB1}.Debug|Any CPU.Build.0 = Debug|Any CPU
		{4F898EB6-2E0F-4445-A280-619C6C92BFB1}.Release|Any CPU.ActiveCfg = Release|Any CPU
		{4F898EB6-2E0F-4445-A280-619C6C92BFB1}.Release|Any CPU.Build.0 = Release|Any CPU
		{241D0FC2-543B-47C0-BC33-0D7AD1B0B7C0}.Debug|Any CPU.ActiveCfg = Debug|Any CPU
		{241D0FC2-543B-47C0-BC33-0D7AD1B0B7C0}.Debug|Any CPU.Build.0 = Debug|Any CPU
		{241D0FC2-543B-47C0-BC33-0D7AD1B0B7C0}.Release|Any CPU.ActiveCfg = Release|Any CPU
		{241D0FC2-543B-47C0-BC33-0D7AD1B0B7C0}.Release|Any CPU.Build.0 = Release|Any CPU
		{86337006-DA0D-479D-9281-174489BC53D7}.Debug|Any CPU.ActiveCfg = Debug|Any CPU
		{86337006-DA0D-479D-9281-174489BC53D7}.Debug|Any CPU.Build.0 = Debug|Any CPU
		{86337006-DA0D-479D-9281-174489BC53D7}.Release|Any CPU.ActiveCfg = Release|Any CPU
		{86337006-DA0D-479D-9281-174489BC53D7}.Release|Any CPU.Build.0 = Release|Any CPU
		{D443B999-95FA-4946-8EAF-977597076EAD}.Debug|Any CPU.ActiveCfg = Debug|Any CPU
		{D443B999-95FA-4946-8EAF-977597076EAD}.Debug|Any CPU.Build.0 = Debug|Any CPU
		{D443B999-95FA-4946-8EAF-977597076EAD}.Release|Any CPU.ActiveCfg = Release|Any CPU
		{D443B999-95FA-4946-8EAF-977597076EAD}.Release|Any CPU.Build.0 = Release|Any CPU
		{81FDE6D7-BA2D-4FD0-9E99-B096DB506B75}.Debug|Any CPU.ActiveCfg = Debug|Any CPU
		{81FDE6D7-BA2D-4FD0-9E99-B096DB506B75}.Debug|Any CPU.Build.0 = Debug|Any CPU
		{81FDE6D7-BA2D-4FD0-9E99-B096DB506B75}.Release|Any CPU.ActiveCfg = Release|Any CPU
		{81FDE6D7-BA2D-4FD0-9E99-B096DB506B75}.Release|Any CPU.Build.0 = Release|Any CPU
		{C8B3ECD6-DCD8-425F-8536-1D93D5E543C8}.Debug|Any CPU.ActiveCfg = Debug|Any CPU
		{C8B3ECD6-DCD8-425F-8536-1D93D5E543C8}.Debug|Any CPU.Build.0 = Debug|Any CPU
		{C8B3ECD6-DCD8-425F-8536-1D93D5E543C8}.Release|Any CPU.ActiveCfg = Release|Any CPU
		{C8B3ECD6-DCD8-425F-8536-1D93D5E543C8}.Release|Any CPU.Build.0 = Release|Any CPU
		{3C9ED7F8-8896-4D08-A3DA-0588B18893DD}.Debug|Any CPU.ActiveCfg = Debug|Any CPU
		{3C9ED7F8-8896-4D08-A3DA-0588B18893DD}.Debug|Any CPU.Build.0 = Debug|Any CPU
		{3C9ED7F8-8896-4D08-A3DA-0588B18893DD}.Release|Any CPU.ActiveCfg = Release|Any CPU
		{3C9ED7F8-8896-4D08-A3DA-0588B18893DD}.Release|Any CPU.Build.0 = Release|Any CPU
	EndGlobalSection
	GlobalSection(SolutionProperties) = preSolution
		HideSolutionNode = FALSE
	EndGlobalSection
EndGlobal
