
Microsoft Visual Studio Solution File, Format Version 12.00
# Visual Studio 14
VisualStudioVersion = 14.0.24720.0
MinimumVisualStudioVersion = 10.0.40219.1
Project("{FAE04EC0-301F-11D3-BF4B-00C04F79EFBC}") = "01.NumbersFrom1ToN", "01.NumbersFrom1ToN\01.NumbersFrom1ToN.csproj", "{72456638-DE8C-40CC-98FA-F5D6E0BA47B5}"
EndProject
Project("{FAE04EC0-301F-11D3-BF4B-00C04F79EFBC}") = "02.NotDivisibleNumbers", "02.NotDivisibleNumbers\02.NotDivisibleNumbers.csproj", "{FAD37B9E-CF81-499D-AD8E-665DEB52BA5E}"
EndProject
Project("{FAE04EC0-301F-11D3-BF4B-00C04F79EFBC}") = "03.MMSAOfNNumbers", "03.MMSAOfNNumbers\03.MMSAOfNNumbers.csproj", "{CA539EF9-2223-4993-A795-1452A5FB7478}"
EndProject
Project("{FAE04EC0-301F-11D3-BF4B-00C04F79EFBC}") = "04.PrintADeck", "04.PrintADeck\04.PrintADeck.csproj", "{BC1F15E9-1786-4645-9213-8B2B43C52FA3}"
EndProject
Project("{FAE04EC0-301F-11D3-BF4B-00C04F79EFBC}") = "05.Calculate!", "05.Calculate!\05.Calculate!.csproj", "{6C9357F3-95FD-4534-B516-DF419EB5CBC3}"
EndProject
Project("{FAE04EC0-301F-11D3-BF4B-00C04F79EFBC}") = "06.CalculateAgain", "06.CalculateAgain\06.CalculateAgain.csproj", "{01473182-F47B-4B86-859D-B45B4F9DDD2D}"
EndProject
Project("{FAE04EC0-301F-11D3-BF4B-00C04F79EFBC}") = "07.Calculate3", "07.Calculate3\07.Calculate3.csproj", "{2A27DEFD-5936-46A2-A48A-14C9AE2A210B}"
EndProject
Project("{FAE04EC0-301F-11D3-BF4B-00C04F79EFBC}") = "08.CatalanNumbers", "08.CatalanNumbers\08.CatalanNumbers.csproj", "{52B2729B-DD97-4C63-9807-85A7305A4D60}"
EndProject
Project("{FAE04EC0-301F-11D3-BF4B-00C04F79EFBC}") = "09.MatrixOfNumbers", "09.MatrixOfNumbers\09.MatrixOfNumbers.csproj", "{CA56CBAB-7513-45D9-B8C0-772AC59FB093}"
EndProject
Project("{FAE04EC0-301F-11D3-BF4B-00C04F79EFBC}") = "10.OddAndEvenProduct", "10.OddAndEvenProduct\10.OddAndEvenProduct.csproj", "{4630CBDD-A290-4EFC-AACC-637DF47DF658}"
EndProject
Project("{FAE04EC0-301F-11D3-BF4B-00C04F79EFBC}") = "11.BinaryToDecimal", "11.BinaryToDecimal\11.BinaryToDecimal.csproj", "{6DA87C61-9695-49CE-A954-44204478A084}"
EndProject
Project("{FAE04EC0-301F-11D3-BF4B-00C04F79EFBC}") = "12.DecimalToBinary", "12.DecimalToBinary\12.DecimalToBinary.csproj", "{19E7FCD3-32B8-4116-8F44-FD8B876AFEE2}"
EndProject
Project("{FAE04EC0-301F-11D3-BF4B-00C04F79EFBC}") = "13.DecimalToHex", "13.DecimalToHex\13.DecimalToHex.csproj", "{F36C4EEA-0FFF-4836-BBB0-3A334E89E2F6}"
EndProject
Project("{FAE04EC0-301F-11D3-BF4B-00C04F79EFBC}") = "14.HexToDecimal", "14.HexToDecimal\14.HexToDecimal.csproj", "{CEC8B5DB-7BAE-4EB9-BBF1-674DA5EABCAA}"
EndProject
Project("{FAE04EC0-301F-11D3-BF4B-00C04F79EFBC}") = "15.GCD", "15.GCD\15.GCD.csproj", "{E62A3280-349A-40E3-AF7F-D2FE6F69585A}"
EndProject
Project("{FAE04EC0-301F-11D3-BF4B-00C04F79EFBC}") = "16.TrailingZeroInN", "16.TrailingZeroInN\16.TrailingZeroInN.csproj", "{724A0A2A-22A5-40F4-B028-ACDC96F9C995}"
EndProject
Project("{FAE04EC0-301F-11D3-BF4B-00C04F79EFBC}") = "Test", "Test\Test.csproj", "{F7D99CBA-3BAD-48D4-B8F7-9DB989CBA2CC}"
EndProject
Project("{FAE04EC0-301F-11D3-BF4B-00C04F79EFBC}") = "17.SpiralMatrix", "17.SpiralMatrix\17.SpiralMatrix.csproj", "{A5BAA3E8-936A-43E6-9005-FA4A5BBE8ED6}"
EndProject
Global
	GlobalSection(SolutionConfigurationPlatforms) = preSolution
		Debug|Any CPU = Debug|Any CPU
		Release|Any CPU = Release|Any CPU
	EndGlobalSection
	GlobalSection(ProjectConfigurationPlatforms) = postSolution
		{72456638-DE8C-40CC-98FA-F5D6E0BA47B5}.Debug|Any CPU.ActiveCfg = Debug|Any CPU
		{72456638-DE8C-40CC-98FA-F5D6E0BA47B5}.Debug|Any CPU.Build.0 = Debug|Any CPU
		{72456638-DE8C-40CC-98FA-F5D6E0BA47B5}.Release|Any CPU.ActiveCfg = Release|Any CPU
		{72456638-DE8C-40CC-98FA-F5D6E0BA47B5}.Release|Any CPU.Build.0 = Release|Any CPU
		{FAD37B9E-CF81-499D-AD8E-665DEB52BA5E}.Debug|Any CPU.ActiveCfg = Debug|Any CPU
		{FAD37B9E-CF81-499D-AD8E-665DEB52BA5E}.Debug|Any CPU.Build.0 = Debug|Any CPU
		{FAD37B9E-CF81-499D-AD8E-665DEB52BA5E}.Release|Any CPU.ActiveCfg = Release|Any CPU
		{FAD37B9E-CF81-499D-AD8E-665DEB52BA5E}.Release|Any CPU.Build.0 = Release|Any CPU
		{CA539EF9-2223-4993-A795-1452A5FB7478}.Debug|Any CPU.ActiveCfg = Debug|Any CPU
		{CA539EF9-2223-4993-A795-1452A5FB7478}.Debug|Any CPU.Build.0 = Debug|Any CPU
		{CA539EF9-2223-4993-A795-1452A5FB7478}.Release|Any CPU.ActiveCfg = Release|Any CPU
		{CA539EF9-2223-4993-A795-1452A5FB7478}.Release|Any CPU.Build.0 = Release|Any CPU
		{BC1F15E9-1786-4645-9213-8B2B43C52FA3}.Debug|Any CPU.ActiveCfg = Debug|Any CPU
		{BC1F15E9-1786-4645-9213-8B2B43C52FA3}.Debug|Any CPU.Build.0 = Debug|Any CPU
		{BC1F15E9-1786-4645-9213-8B2B43C52FA3}.Release|Any CPU.ActiveCfg = Release|Any CPU
		{BC1F15E9-1786-4645-9213-8B2B43C52FA3}.Release|Any CPU.Build.0 = Release|Any CPU
		{6C9357F3-95FD-4534-B516-DF419EB5CBC3}.Debug|Any CPU.ActiveCfg = Debug|Any CPU
		{6C9357F3-95FD-4534-B516-DF419EB5CBC3}.Debug|Any CPU.Build.0 = Debug|Any CPU
		{6C9357F3-95FD-4534-B516-DF419EB5CBC3}.Release|Any CPU.ActiveCfg = Release|Any CPU
		{6C9357F3-95FD-4534-B516-DF419EB5CBC3}.Release|Any CPU.Build.0 = Release|Any CPU
		{01473182-F47B-4B86-859D-B45B4F9DDD2D}.Debug|Any CPU.ActiveCfg = Debug|Any CPU
		{01473182-F47B-4B86-859D-B45B4F9DDD2D}.Debug|Any CPU.Build.0 = Debug|Any CPU
		{01473182-F47B-4B86-859D-B45B4F9DDD2D}.Release|Any CPU.ActiveCfg = Release|Any CPU
		{01473182-F47B-4B86-859D-B45B4F9DDD2D}.Release|Any CPU.Build.0 = Release|Any CPU
		{2A27DEFD-5936-46A2-A48A-14C9AE2A210B}.Debug|Any CPU.ActiveCfg = Debug|Any CPU
		{2A27DEFD-5936-46A2-A48A-14C9AE2A210B}.Debug|Any CPU.Build.0 = Debug|Any CPU
		{2A27DEFD-5936-46A2-A48A-14C9AE2A210B}.Release|Any CPU.ActiveCfg = Release|Any CPU
		{2A27DEFD-5936-46A2-A48A-14C9AE2A210B}.Release|Any CPU.Build.0 = Release|Any CPU
		{52B2729B-DD97-4C63-9807-85A7305A4D60}.Debug|Any CPU.ActiveCfg = Debug|Any CPU
		{52B2729B-DD97-4C63-9807-85A7305A4D60}.Debug|Any CPU.Build.0 = Debug|Any CPU
		{52B2729B-DD97-4C63-9807-85A7305A4D60}.Release|Any CPU.ActiveCfg = Release|Any CPU
		{52B2729B-DD97-4C63-9807-85A7305A4D60}.Release|Any CPU.Build.0 = Release|Any CPU
		{CA56CBAB-7513-45D9-B8C0-772AC59FB093}.Debug|Any CPU.ActiveCfg = Debug|Any CPU
		{CA56CBAB-7513-45D9-B8C0-772AC59FB093}.Debug|Any CPU.Build.0 = Debug|Any CPU
		{CA56CBAB-7513-45D9-B8C0-772AC59FB093}.Release|Any CPU.ActiveCfg = Release|Any CPU
		{CA56CBAB-7513-45D9-B8C0-772AC59FB093}.Release|Any CPU.Build.0 = Release|Any CPU
		{4630CBDD-A290-4EFC-AACC-637DF47DF658}.Debug|Any CPU.ActiveCfg = Debug|Any CPU
		{4630CBDD-A290-4EFC-AACC-637DF47DF658}.Debug|Any CPU.Build.0 = Debug|Any CPU
		{4630CBDD-A290-4EFC-AACC-637DF47DF658}.Release|Any CPU.ActiveCfg = Release|Any CPU
		{4630CBDD-A290-4EFC-AACC-637DF47DF658}.Release|Any CPU.Build.0 = Release|Any CPU
		{6DA87C61-9695-49CE-A954-44204478A084}.Debug|Any CPU.ActiveCfg = Debug|Any CPU
		{6DA87C61-9695-49CE-A954-44204478A084}.Debug|Any CPU.Build.0 = Debug|Any CPU
		{6DA87C61-9695-49CE-A954-44204478A084}.Release|Any CPU.ActiveCfg = Release|Any CPU
		{6DA87C61-9695-49CE-A954-44204478A084}.Release|Any CPU.Build.0 = Release|Any CPU
		{19E7FCD3-32B8-4116-8F44-FD8B876AFEE2}.Debug|Any CPU.ActiveCfg = Debug|Any CPU
		{19E7FCD3-32B8-4116-8F44-FD8B876AFEE2}.Debug|Any CPU.Build.0 = Debug|Any CPU
		{19E7FCD3-32B8-4116-8F44-FD8B876AFEE2}.Release|Any CPU.ActiveCfg = Release|Any CPU
		{19E7FCD3-32B8-4116-8F44-FD8B876AFEE2}.Release|Any CPU.Build.0 = Release|Any CPU
		{F36C4EEA-0FFF-4836-BBB0-3A334E89E2F6}.Debug|Any CPU.ActiveCfg = Debug|Any CPU
		{F36C4EEA-0FFF-4836-BBB0-3A334E89E2F6}.Debug|Any CPU.Build.0 = Debug|Any CPU
		{F36C4EEA-0FFF-4836-BBB0-3A334E89E2F6}.Release|Any CPU.ActiveCfg = Release|Any CPU
		{F36C4EEA-0FFF-4836-BBB0-3A334E89E2F6}.Release|Any CPU.Build.0 = Release|Any CPU
		{CEC8B5DB-7BAE-4EB9-BBF1-674DA5EABCAA}.Debug|Any CPU.ActiveCfg = Debug|Any CPU
		{CEC8B5DB-7BAE-4EB9-BBF1-674DA5EABCAA}.Debug|Any CPU.Build.0 = Debug|Any CPU
		{CEC8B5DB-7BAE-4EB9-BBF1-674DA5EABCAA}.Release|Any CPU.ActiveCfg = Release|Any CPU
		{CEC8B5DB-7BAE-4EB9-BBF1-674DA5EABCAA}.Release|Any CPU.Build.0 = Release|Any CPU
		{E62A3280-349A-40E3-AF7F-D2FE6F69585A}.Debug|Any CPU.ActiveCfg = Debug|Any CPU
		{E62A3280-349A-40E3-AF7F-D2FE6F69585A}.Debug|Any CPU.Build.0 = Debug|Any CPU
		{E62A3280-349A-40E3-AF7F-D2FE6F69585A}.Release|Any CPU.ActiveCfg = Release|Any CPU
		{E62A3280-349A-40E3-AF7F-D2FE6F69585A}.Release|Any CPU.Build.0 = Release|Any CPU
		{724A0A2A-22A5-40F4-B028-ACDC96F9C995}.Debug|Any CPU.ActiveCfg = Debug|Any CPU
		{724A0A2A-22A5-40F4-B028-ACDC96F9C995}.Debug|Any CPU.Build.0 = Debug|Any CPU
		{724A0A2A-22A5-40F4-B028-ACDC96F9C995}.Release|Any CPU.ActiveCfg = Release|Any CPU
		{724A0A2A-22A5-40F4-B028-ACDC96F9C995}.Release|Any CPU.Build.0 = Release|Any CPU
		{F7D99CBA-3BAD-48D4-B8F7-9DB989CBA2CC}.Debug|Any CPU.ActiveCfg = Debug|Any CPU
		{F7D99CBA-3BAD-48D4-B8F7-9DB989CBA2CC}.Debug|Any CPU.Build.0 = Debug|Any CPU
		{F7D99CBA-3BAD-48D4-B8F7-9DB989CBA2CC}.Release|Any CPU.ActiveCfg = Release|Any CPU
		{F7D99CBA-3BAD-48D4-B8F7-9DB989CBA2CC}.Release|Any CPU.Build.0 = Release|Any CPU
		{A5BAA3E8-936A-43E6-9005-FA4A5BBE8ED6}.Debug|Any CPU.ActiveCfg = Debug|Any CPU
		{A5BAA3E8-936A-43E6-9005-FA4A5BBE8ED6}.Debug|Any CPU.Build.0 = Debug|Any CPU
		{A5BAA3E8-936A-43E6-9005-FA4A5BBE8ED6}.Release|Any CPU.ActiveCfg = Release|Any CPU
		{A5BAA3E8-936A-43E6-9005-FA4A5BBE8ED6}.Release|Any CPU.Build.0 = Release|Any CPU
	EndGlobalSection
	GlobalSection(SolutionProperties) = preSolution
		HideSolutionNode = FALSE
	EndGlobalSection
EndGlobal
