
Microsoft Visual Studio Solution File, Format Version 12.00
# Visual Studio 14
VisualStudioVersion = 14.0.24720.0
MinimumVisualStudioVersion = 10.0.40219.1
Project("{FAE04EC0-301F-11D3-BF4B-00C04F79EFBC}") = "01.NumbersFrom1ToN", "01.NumbersFrom1ToN\01.NumbersFrom1ToN.csproj", "{72456638-DE8C-40CC-98FA-F5D6E0BA47B5}"
EndProject
Project("{FAE04EC0-301F-11D3-BF4B-00C04F79EFBC}") = "02.NotDivisibleNumbers", "02.NotDivisibleNumbers\02.NotDivisibleNumbers.csproj", "{FAD37B9E-CF81-499D-AD8E-665DEB52BA5E}"
EndProject
Project("{FAE04EC0-301F-11D3-BF4B-00C04F79EFBC}") = "03.MMSAOfNNumbers", "03.MMSAOfNNumbers\03.MMSAOfNNumbers.csproj", "{CA539EF9-2223-4993-A795-1452A5FB7478}"
EndProject
Project("{FAE04EC0-301F-11D3-BF4B-00C04F79EFBC}") = "04.PrintADeck", "04.PrintADeck\04.PrintADeck.csproj", "{BC1F15E9-1786-4645-9213-8B2B43C52FA3}"
EndProject
Project("{FAE04EC0-301F-11D3-BF4B-00C04F79EFBC}") = "05.Calculate!", "05.Calculate!\05.Calculate!.csproj", "{6C9357F3-95FD-4534-B516-DF419EB5CBC3}"
EndProject
Project("{FAE04EC0-301F-11D3-BF4B-00C04F79EFBC}") = "06.CalculateAgain", "06.CalculateAgain\06.CalculateAgain.csproj", "{01473182-F47B-4B86-859D-B45B4F9DDD2D}"
EndProject
Project("{FAE04EC0-301F-11D3-BF4B-00C04F79EFBC}") = "07.Calculate3", "07.Calculate3\07.Calculate3.csproj", "{2A27DEFD-5936-46A2-A48A-14C9AE2A210B}"
EndProject
Global
	GlobalSection(SolutionConfigurationPlatforms) = preSolution
		Debug|Any CPU = Debug|Any CPU
		Release|Any CPU = Release|Any CPU
	EndGlobalSection
	GlobalSection(ProjectConfigurationPlatforms) = postSolution
		{72456638-DE8C-40CC-98FA-F5D6E0BA47B5}.Debug|Any CPU.ActiveCfg = Debug|Any CPU
		{72456638-DE8C-40CC-98FA-F5D6E0BA47B5}.Debug|Any CPU.Build.0 = Debug|Any CPU
		{72456638-DE8C-40CC-98FA-F5D6E0BA47B5}.Release|Any CPU.ActiveCfg = Release|Any CPU
		{72456638-DE8C-40CC-98FA-F5D6E0BA47B5}.Release|Any CPU.Build.0 = Release|Any CPU
		{FAD37B9E-CF81-499D-AD8E-665DEB52BA5E}.Debug|Any CPU.ActiveCfg = Debug|Any CPU
		{FAD37B9E-CF81-499D-AD8E-665DEB52BA5E}.Debug|Any CPU.Build.0 = Debug|Any CPU
		{FAD37B9E-CF81-499D-AD8E-665DEB52BA5E}.Release|Any CPU.ActiveCfg = Release|Any CPU
		{FAD37B9E-CF81-499D-AD8E-665DEB52BA5E}.Release|Any CPU.Build.0 = Release|Any CPU
		{CA539EF9-2223-4993-A795-1452A5FB7478}.Debug|Any CPU.ActiveCfg = Debug|Any CPU
		{CA539EF9-2223-4993-A795-1452A5FB7478}.Debug|Any CPU.Build.0 = Debug|Any CPU
		{CA539EF9-2223-4993-A795-1452A5FB7478}.Release|Any CPU.ActiveCfg = Release|Any CPU
		{CA539EF9-2223-4993-A795-1452A5FB7478}.Release|Any CPU.Build.0 = Release|Any CPU
		{BC1F15E9-1786-4645-9213-8B2B43C52FA3}.Debug|Any CPU.ActiveCfg = Debug|Any CPU
		{BC1F15E9-1786-4645-9213-8B2B43C52FA3}.Debug|Any CPU.Build.0 = Debug|Any CPU
		{BC1F15E9-1786-4645-9213-8B2B43C52FA3}.Release|Any CPU.ActiveCfg = Release|Any CPU
		{BC1F15E9-1786-4645-9213-8B2B43C52FA3}.Release|Any CPU.Build.0 = Release|Any CPU
		{6C9357F3-95FD-4534-B516-DF419EB5CBC3}.Debug|Any CPU.ActiveCfg = Debug|Any CPU
		{6C9357F3-95FD-4534-B516-DF419EB5CBC3}.Debug|Any CPU.Build.0 = Debug|Any CPU
		{6C9357F3-95FD-4534-B516-DF419EB5CBC3}.Release|Any CPU.ActiveCfg = Release|Any CPU
		{6C9357F3-95FD-4534-B516-DF419EB5CBC3}.Release|Any CPU.Build.0 = Release|Any CPU
		{01473182-F47B-4B86-859D-B45B4F9DDD2D}.Debug|Any CPU.ActiveCfg = Debug|Any CPU
		{01473182-F47B-4B86-859D-B45B4F9DDD2D}.Debug|Any CPU.Build.0 = Debug|Any CPU
		{01473182-F47B-4B86-859D-B45B4F9DDD2D}.Release|Any CPU.ActiveCfg = Release|Any CPU
		{01473182-F47B-4B86-859D-B45B4F9DDD2D}.Release|Any CPU.Build.0 = Release|Any CPU
		{2A27DEFD-5936-46A2-A48A-14C9AE2A210B}.Debug|Any CPU.ActiveCfg = Debug|Any CPU
		{2A27DEFD-5936-46A2-A48A-14C9AE2A210B}.Debug|Any CPU.Build.0 = Debug|Any CPU
		{2A27DEFD-5936-46A2-A48A-14C9AE2A210B}.Release|Any CPU.ActiveCfg = Release|Any CPU
		{2A27DEFD-5936-46A2-A48A-14C9AE2A210B}.Release|Any CPU.Build.0 = Release|Any CPU
	EndGlobalSection
	GlobalSection(SolutionProperties) = preSolution
		HideSolutionNode = FALSE
	EndGlobalSection
EndGlobal
