
Microsoft Visual Studio Solution File, Format Version 12.00
# Visual Studio 14
VisualStudioVersion = 14.0.24720.0
MinimumVisualStudioVersion = 10.0.40219.1
Project("{FAE04EC0-301F-11D3-BF4B-00C04F79EFBC}") = "HelloWord", "HelloWord\HelloWord.csproj", "{4BD9ECF9-0453-4CA8-B867-F9EC947B52DE}"
EndProject
Project("{FAE04EC0-301F-11D3-BF4B-00C04F79EFBC}") = "PrintMyName", "PrintMyName\PrintMyName.csproj", "{10AA71EF-49F2-4C3C-A5BA-47C73181BF5D}"
EndProject
Project("{FAE04EC0-301F-11D3-BF4B-00C04F79EFBC}") = "PrintNumbers", "PrintNumbers\PrintNumbers.csproj", "{D0681F95-BE92-4973-9D3B-DB380E37BC24}"
EndProject
Project("{FAE04EC0-301F-11D3-BF4B-00C04F79EFBC}") = "FirstLastName", "FirstLastName\FirstLastName.csproj", "{E6EA2C87-8BA6-46DA-AACB-ADAC9D6430C9}"
EndProject
Project("{FAE04EC0-301F-11D3-BF4B-00C04F79EFBC}") = "SquareRoot", "SquareRoot\SquareRoot.csproj", "{0862EF96-69E4-4AEB-A081-078D16315C19}"
EndProject
Project("{FAE04EC0-301F-11D3-BF4B-00C04F79EFBC}") = "PrintSequence", "PrintSequence\PrintSequence.csproj", "{B0E76E4D-EEAF-4CF6-A227-66AC31BDB756}"
EndProject
Project("{FAE04EC0-301F-11D3-BF4B-00C04F79EFBC}") = "HorribleCode", "HorribleCode\HorribleCode.csproj", "{59CCD21D-5C30-4A29-B28B-7ADCDE73CB92}"
EndProject
Global
	GlobalSection(SolutionConfigurationPlatforms) = preSolution
		Debug|Any CPU = Debug|Any CPU
		Release|Any CPU = Release|Any CPU
	EndGlobalSection
	GlobalSection(ProjectConfigurationPlatforms) = postSolution
		{4BD9ECF9-0453-4CA8-B867-F9EC947B52DE}.Debug|Any CPU.ActiveCfg = Debug|Any CPU
		{4BD9ECF9-0453-4CA8-B867-F9EC947B52DE}.Debug|Any CPU.Build.0 = Debug|Any CPU
		{4BD9ECF9-0453-4CA8-B867-F9EC947B52DE}.Release|Any CPU.ActiveCfg = Release|Any CPU
		{4BD9ECF9-0453-4CA8-B867-F9EC947B52DE}.Release|Any CPU.Build.0 = Release|Any CPU
		{10AA71EF-49F2-4C3C-A5BA-47C73181BF5D}.Debug|Any CPU.ActiveCfg = Debug|Any CPU
		{10AA71EF-49F2-4C3C-A5BA-47C73181BF5D}.Debug|Any CPU.Build.0 = Debug|Any CPU
		{10AA71EF-49F2-4C3C-A5BA-47C73181BF5D}.Release|Any CPU.ActiveCfg = Release|Any CPU
		{10AA71EF-49F2-4C3C-A5BA-47C73181BF5D}.Release|Any CPU.Build.0 = Release|Any CPU
		{D0681F95-BE92-4973-9D3B-DB380E37BC24}.Debug|Any CPU.ActiveCfg = Debug|Any CPU
		{D0681F95-BE92-4973-9D3B-DB380E37BC24}.Debug|Any CPU.Build.0 = Debug|Any CPU
		{D0681F95-BE92-4973-9D3B-DB380E37BC24}.Release|Any CPU.ActiveCfg = Release|Any CPU
		{D0681F95-BE92-4973-9D3B-DB380E37BC24}.Release|Any CPU.Build.0 = Release|Any CPU
		{E6EA2C87-8BA6-46DA-AACB-ADAC9D6430C9}.Debug|Any CPU.ActiveCfg = Debug|Any CPU
		{E6EA2C87-8BA6-46DA-AACB-ADAC9D6430C9}.Debug|Any CPU.Build.0 = Debug|Any CPU
		{E6EA2C87-8BA6-46DA-AACB-ADAC9D6430C9}.Release|Any CPU.ActiveCfg = Release|Any CPU
		{E6EA2C87-8BA6-46DA-AACB-ADAC9D6430C9}.Release|Any CPU.Build.0 = Release|Any CPU
		{0862EF96-69E4-4AEB-A081-078D16315C19}.Debug|Any CPU.ActiveCfg = Debug|Any CPU
		{0862EF96-69E4-4AEB-A081-078D16315C19}.Debug|Any CPU.Build.0 = Debug|Any CPU
		{0862EF96-69E4-4AEB-A081-078D16315C19}.Release|Any CPU.ActiveCfg = Release|Any CPU
		{0862EF96-69E4-4AEB-A081-078D16315C19}.Release|Any CPU.Build.0 = Release|Any CPU
		{B0E76E4D-EEAF-4CF6-A227-66AC31BDB756}.Debug|Any CPU.ActiveCfg = Debug|Any CPU
		{B0E76E4D-EEAF-4CF6-A227-66AC31BDB756}.Debug|Any CPU.Build.0 = Debug|Any CPU
		{B0E76E4D-EEAF-4CF6-A227-66AC31BDB756}.Release|Any CPU.ActiveCfg = Release|Any CPU
		{B0E76E4D-EEAF-4CF6-A227-66AC31BDB756}.Release|Any CPU.Build.0 = Release|Any CPU
		{59CCD21D-5C30-4A29-B28B-7ADCDE73CB92}.Debug|Any CPU.ActiveCfg = Debug|Any CPU
		{59CCD21D-5C30-4A29-B28B-7ADCDE73CB92}.Debug|Any CPU.Build.0 = Debug|Any CPU
		{59CCD21D-5C30-4A29-B28B-7ADCDE73CB92}.Release|Any CPU.ActiveCfg = Release|Any CPU
		{59CCD21D-5C30-4A29-B28B-7ADCDE73CB92}.Release|Any CPU.Build.0 = Release|Any CPU
	EndGlobalSection
	GlobalSection(SolutionProperties) = preSolution
		HideSolutionNode = FALSE
	EndGlobalSection
EndGlobal
