
Microsoft Visual Studio Solution File, Format Version 12.00
# Visual Studio 14
VisualStudioVersion = 14.0.24720.0
MinimumVisualStudioVersion = 10.0.40219.1
Project("{FAE04EC0-301F-11D3-BF4B-00C04F79EFBC}") = "HelloWord", "HelloWord\HelloWord.csproj", "{4BD9ECF9-0453-4CA8-B867-F9EC947B52DE}"
EndProject
Project("{FAE04EC0-301F-11D3-BF4B-00C04F79EFBC}") = "PrintMyName", "PrintMyName\PrintMyName.csproj", "{10AA71EF-49F2-4C3C-A5BA-47C73181BF5D}"
EndProject
Project("{FAE04EC0-301F-11D3-BF4B-00C04F79EFBC}") = "PrintNumbers", "PrintNumbers\PrintNumbers.csproj", "{D0681F95-BE92-4973-9D3B-DB380E37BC24}"
EndProject
Global
	GlobalSection(SolutionConfigurationPlatforms) = preSolution
		Debug|Any CPU = Debug|Any CPU
		Release|Any CPU = Release|Any CPU
	EndGlobalSection
	GlobalSection(ProjectConfigurationPlatforms) = postSolution
		{4BD9ECF9-0453-4CA8-B867-F9EC947B52DE}.Debug|Any CPU.ActiveCfg = Debug|Any CPU
		{4BD9ECF9-0453-4CA8-B867-F9EC947B52DE}.Debug|Any CPU.Build.0 = Debug|Any CPU
		{4BD9ECF9-0453-4CA8-B867-F9EC947B52DE}.Release|Any CPU.ActiveCfg = Release|Any CPU
		{4BD9ECF9-0453-4CA8-B867-F9EC947B52DE}.Release|Any CPU.Build.0 = Release|Any CPU
		{10AA71EF-49F2-4C3C-A5BA-47C73181BF5D}.Debug|Any CPU.ActiveCfg = Debug|Any CPU
		{10AA71EF-49F2-4C3C-A5BA-47C73181BF5D}.Debug|Any CPU.Build.0 = Debug|Any CPU
		{10AA71EF-49F2-4C3C-A5BA-47C73181BF5D}.Release|Any CPU.ActiveCfg = Release|Any CPU
		{10AA71EF-49F2-4C3C-A5BA-47C73181BF5D}.Release|Any CPU.Build.0 = Release|Any CPU
		{D0681F95-BE92-4973-9D3B-DB380E37BC24}.Debug|Any CPU.ActiveCfg = Debug|Any CPU
		{D0681F95-BE92-4973-9D3B-DB380E37BC24}.Debug|Any CPU.Build.0 = Debug|Any CPU
		{D0681F95-BE92-4973-9D3B-DB380E37BC24}.Release|Any CPU.ActiveCfg = Release|Any CPU
		{D0681F95-BE92-4973-9D3B-DB380E37BC24}.Release|Any CPU.Build.0 = Release|Any CPU
	EndGlobalSection
	GlobalSection(SolutionProperties) = preSolution
		HideSolutionNode = FALSE
	EndGlobalSection
EndGlobal
