
Microsoft Visual Studio Solution File, Format Version 12.00
# Visual Studio 14
VisualStudioVersion = 14.0.24720.0
MinimumVisualStudioVersion = 10.0.40219.1
Project("{FAE04EC0-301F-11D3-BF4B-00C04F79EFBC}") = "01.DeclareVariables", "01.DeclareVariables\01.DeclareVariables.csproj", "{A17267F6-E6A9-4E14-9C62-EE3036410D62}"
EndProject
Project("{FAE04EC0-301F-11D3-BF4B-00C04F79EFBC}") = "02.FloatOrDouble", "02.FloatOrDouble\02.FloatOrDouble.csproj", "{83B56E5F-D293-485E-8585-557DA2185C60}"
EndProject
Project("{FAE04EC0-301F-11D3-BF4B-00C04F79EFBC}") = "03VariableInHexadecimalFormat", "03VariableInHexadecimalFormat\03VariableInHexadecimalFormat.csproj", "{6EADD1EA-CB92-4B45-B04C-FBDD54454BEC}"
EndProject
Project("{FAE04EC0-301F-11D3-BF4B-00C04F79EFBC}") = "04.UnicodeCharacter", "04.UnicodeCharacter\04.UnicodeCharacter.csproj", "{A88C9191-E604-4686-BEA9-89F5A71286BA}"
EndProject
Global
	GlobalSection(SolutionConfigurationPlatforms) = preSolution
		Debug|Any CPU = Debug|Any CPU
		Release|Any CPU = Release|Any CPU
	EndGlobalSection
	GlobalSection(ProjectConfigurationPlatforms) = postSolution
		{A17267F6-E6A9-4E14-9C62-EE3036410D62}.Debug|Any CPU.ActiveCfg = Debug|Any CPU
		{A17267F6-E6A9-4E14-9C62-EE3036410D62}.Debug|Any CPU.Build.0 = Debug|Any CPU
		{A17267F6-E6A9-4E14-9C62-EE3036410D62}.Release|Any CPU.ActiveCfg = Release|Any CPU
		{A17267F6-E6A9-4E14-9C62-EE3036410D62}.Release|Any CPU.Build.0 = Release|Any CPU
		{83B56E5F-D293-485E-8585-557DA2185C60}.Debug|Any CPU.ActiveCfg = Debug|Any CPU
		{83B56E5F-D293-485E-8585-557DA2185C60}.Debug|Any CPU.Build.0 = Debug|Any CPU
		{83B56E5F-D293-485E-8585-557DA2185C60}.Release|Any CPU.ActiveCfg = Release|Any CPU
		{83B56E5F-D293-485E-8585-557DA2185C60}.Release|Any CPU.Build.0 = Release|Any CPU
		{6EADD1EA-CB92-4B45-B04C-FBDD54454BEC}.Debug|Any CPU.ActiveCfg = Debug|Any CPU
		{6EADD1EA-CB92-4B45-B04C-FBDD54454BEC}.Debug|Any CPU.Build.0 = Debug|Any CPU
		{6EADD1EA-CB92-4B45-B04C-FBDD54454BEC}.Release|Any CPU.ActiveCfg = Release|Any CPU
		{6EADD1EA-CB92-4B45-B04C-FBDD54454BEC}.Release|Any CPU.Build.0 = Release|Any CPU
		{A88C9191-E604-4686-BEA9-89F5A71286BA}.Debug|Any CPU.ActiveCfg = Debug|Any CPU
		{A88C9191-E604-4686-BEA9-89F5A71286BA}.Debug|Any CPU.Build.0 = Debug|Any CPU
		{A88C9191-E604-4686-BEA9-89F5A71286BA}.Release|Any CPU.ActiveCfg = Release|Any CPU
		{A88C9191-E604-4686-BEA9-89F5A71286BA}.Release|Any CPU.Build.0 = Release|Any CPU
	EndGlobalSection
	GlobalSection(SolutionProperties) = preSolution
		HideSolutionNode = FALSE
	EndGlobalSection
EndGlobal
